
Microsoft Visual Studio Solution File, Format Version 12.00
# Visual Studio 15
VisualStudioVersion = 15.0.27130.2010
MinimumVisualStudioVersion = 10.0.40219.1
Project("{8BC9CEB8-8B4A-11D0-8D11-00A0C91BC942}") = "XPNet.Native", "XPNet.Native\XPNet.Native.vcxproj", "{87713CD7-AD3D-458C-AC9B-2473B718D473}"
EndProject
Project("{8BC9CEB8-8B4A-11D0-8D11-00A0C91BC942}") = "XPNetPluginTestHost", "XPNetPluginTestHost\XPNetPluginTestHost.vcxproj", "{22B62521-93DC-4E9B-AA44-774FDD3E3413}"
	ProjectSection(ProjectDependencies) = postProject
		{C80B5F58-CDB8-4D36-803F-235A8671BE5E} = {C80B5F58-CDB8-4D36-803F-235A8671BE5E}
		{76888D68-5BAF-4D23-8328-A347AFA914F9} = {76888D68-5BAF-4D23-8328-A347AFA914F9}
		{249C55B9-487D-45EA-A9A0-521B30FF7586} = {249C55B9-487D-45EA-A9A0-521B30FF7586}
		{87713CD7-AD3D-458C-AC9B-2473B718D473} = {87713CD7-AD3D-458C-AC9B-2473B718D473}
	EndProjectSection
EndProject
Project("{9A19103F-16F7-4668-BE54-9A1E7A4F7556}") = "XPNet.CLR", "XPNet.CLR\XPNet.CLR.csproj", "{76888D68-5BAF-4D23-8328-A347AFA914F9}"
EndProject
Project("{8BC9CEB8-8B4A-11D0-8D11-00A0C91BC942}") = "XPLMTestHarness", "XPLMTestHarness\XPLMTestHarness.vcxproj", "{C80B5F58-CDB8-4D36-803F-235A8671BE5E}"
EndProject
Project("{2150E333-8FDC-42A3-9474-1A3956D46DE8}") = "Plugin", "Plugin", "{5D4A2D3A-4CBF-409B-B473-2E222218B350}"
EndProject
Project("{2150E333-8FDC-42A3-9474-1A3956D46DE8}") = "Testing", "Testing", "{5F89BBF4-DCEF-4C0B-8BAB-25CCA2560D11}"
EndProject
Project("{9A19103F-16F7-4668-BE54-9A1E7A4F7556}") = "XPNet.LoggerPlugin", "XPNet.LoggerPlugin\XPNet.LoggerPlugin.csproj", "{249C55B9-487D-45EA-A9A0-521B30FF7586}"
EndProject
Project("{FAE04EC0-301F-11D3-BF4B-00C04F79EFBC}") = "XPNet.CLR.Tests", "XPNet.CLR.Tests\XPNet.CLR.Tests.csproj", "{EDB21500-D543-4735-8DE3-23CE0D0F7B55}"
EndProject
Project("{FAE04EC0-301F-11D3-BF4B-00C04F79EFBC}") = "XPNet.CLR.CodeGen", "XPNet.CLR.CodeGen\XPNet.CLR.CodeGen.csproj", "{DACA0FDC-34AA-42E6-BEDF-C273B927D84C}"
EndProject
Global
	GlobalSection(SolutionConfigurationPlatforms) = preSolution
		Debug|Any CPU = Debug|Any CPU
		Debug|x64 = Debug|x64
		Debug|x86 = Debug|x86
		Release|Any CPU = Release|Any CPU
		Release|x64 = Release|x64
		Release|x86 = Release|x86
	EndGlobalSection
	GlobalSection(ProjectConfigurationPlatforms) = postSolution
		{87713CD7-AD3D-458C-AC9B-2473B718D473}.Debug|Any CPU.ActiveCfg = Debug|Win32
		{87713CD7-AD3D-458C-AC9B-2473B718D473}.Debug|Any CPU.Build.0 = Debug|Win32
		{87713CD7-AD3D-458C-AC9B-2473B718D473}.Debug|x64.ActiveCfg = Debug|x64
		{87713CD7-AD3D-458C-AC9B-2473B718D473}.Debug|x64.Build.0 = Debug|x64
		{87713CD7-AD3D-458C-AC9B-2473B718D473}.Debug|x86.ActiveCfg = Debug|Win32
		{87713CD7-AD3D-458C-AC9B-2473B718D473}.Debug|x86.Build.0 = Debug|Win32
		{87713CD7-AD3D-458C-AC9B-2473B718D473}.Release|Any CPU.ActiveCfg = Release|Win32
		{87713CD7-AD3D-458C-AC9B-2473B718D473}.Release|Any CPU.Build.0 = Release|Win32
		{87713CD7-AD3D-458C-AC9B-2473B718D473}.Release|x64.ActiveCfg = Release|x64
		{87713CD7-AD3D-458C-AC9B-2473B718D473}.Release|x64.Build.0 = Release|x64
		{87713CD7-AD3D-458C-AC9B-2473B718D473}.Release|x86.ActiveCfg = Release|Win32
		{87713CD7-AD3D-458C-AC9B-2473B718D473}.Release|x86.Build.0 = Release|Win32
		{22B62521-93DC-4E9B-AA44-774FDD3E3413}.Debug|Any CPU.ActiveCfg = Debug|Win32
		{22B62521-93DC-4E9B-AA44-774FDD3E3413}.Debug|Any CPU.Build.0 = Debug|Win32
		{22B62521-93DC-4E9B-AA44-774FDD3E3413}.Debug|x64.ActiveCfg = Debug|x64
		{22B62521-93DC-4E9B-AA44-774FDD3E3413}.Debug|x64.Build.0 = Debug|x64
		{22B62521-93DC-4E9B-AA44-774FDD3E3413}.Debug|x86.ActiveCfg = Debug|Win32
		{22B62521-93DC-4E9B-AA44-774FDD3E3413}.Debug|x86.Build.0 = Debug|Win32
		{22B62521-93DC-4E9B-AA44-774FDD3E3413}.Release|Any CPU.ActiveCfg = Release|Win32
		{22B62521-93DC-4E9B-AA44-774FDD3E3413}.Release|Any CPU.Build.0 = Release|Win32
		{22B62521-93DC-4E9B-AA44-774FDD3E3413}.Release|x64.ActiveCfg = Release|x64
		{22B62521-93DC-4E9B-AA44-774FDD3E3413}.Release|x64.Build.0 = Release|x64
		{22B62521-93DC-4E9B-AA44-774FDD3E3413}.Release|x86.ActiveCfg = Release|Win32
		{22B62521-93DC-4E9B-AA44-774FDD3E3413}.Release|x86.Build.0 = Release|Win32
		{76888D68-5BAF-4D23-8328-A347AFA914F9}.Debug|Any CPU.ActiveCfg = Debug|Any CPU
		{76888D68-5BAF-4D23-8328-A347AFA914F9}.Debug|Any CPU.Build.0 = Debug|Any CPU
		{76888D68-5BAF-4D23-8328-A347AFA914F9}.Debug|x64.ActiveCfg = Debug|Any CPU
		{76888D68-5BAF-4D23-8328-A347AFA914F9}.Debug|x64.Build.0 = Debug|Any CPU
		{76888D68-5BAF-4D23-8328-A347AFA914F9}.Debug|x86.ActiveCfg = Debug|Any CPU
		{76888D68-5BAF-4D23-8328-A347AFA914F9}.Debug|x86.Build.0 = Debug|Any CPU
		{76888D68-5BAF-4D23-8328-A347AFA914F9}.Release|Any CPU.ActiveCfg = Release|Any CPU
		{76888D68-5BAF-4D23-8328-A347AFA914F9}.Release|Any CPU.Build.0 = Release|Any CPU
		{76888D68-5BAF-4D23-8328-A347AFA914F9}.Release|x64.ActiveCfg = Release|Any CPU
		{76888D68-5BAF-4D23-8328-A347AFA914F9}.Release|x64.Build.0 = Release|Any CPU
		{76888D68-5BAF-4D23-8328-A347AFA914F9}.Release|x86.ActiveCfg = Release|Any CPU
		{76888D68-5BAF-4D23-8328-A347AFA914F9}.Release|x86.Build.0 = Release|Any CPU
		{C80B5F58-CDB8-4D36-803F-235A8671BE5E}.Debug|Any CPU.ActiveCfg = Debug|Win32
		{C80B5F58-CDB8-4D36-803F-235A8671BE5E}.Debug|x64.ActiveCfg = Debug|x64
		{C80B5F58-CDB8-4D36-803F-235A8671BE5E}.Debug|x64.Build.0 = Debug|x64
		{C80B5F58-CDB8-4D36-803F-235A8671BE5E}.Debug|x86.ActiveCfg = Debug|Win32
		{C80B5F58-CDB8-4D36-803F-235A8671BE5E}.Debug|x86.Build.0 = Debug|Win32
		{C80B5F58-CDB8-4D36-803F-235A8671BE5E}.Release|Any CPU.ActiveCfg = Release|Win32
		{C80B5F58-CDB8-4D36-803F-235A8671BE5E}.Release|x64.ActiveCfg = Release|x64
		{C80B5F58-CDB8-4D36-803F-235A8671BE5E}.Release|x64.Build.0 = Release|x64
		{C80B5F58-CDB8-4D36-803F-235A8671BE5E}.Release|x86.ActiveCfg = Release|Win32
		{C80B5F58-CDB8-4D36-803F-235A8671BE5E}.Release|x86.Build.0 = Release|Win32
		{249C55B9-487D-45EA-A9A0-521B30FF7586}.Debug|Any CPU.ActiveCfg = Debug|Any CPU
		{249C55B9-487D-45EA-A9A0-521B30FF7586}.Debug|Any CPU.Build.0 = Debug|Any CPU
		{249C55B9-487D-45EA-A9A0-521B30FF7586}.Debug|x64.ActiveCfg = Debug|Any CPU
		{249C55B9-487D-45EA-A9A0-521B30FF7586}.Debug|x64.Build.0 = Debug|Any CPU
		{249C55B9-487D-45EA-A9A0-521B30FF7586}.Debug|x86.ActiveCfg = Debug|Any CPU
		{249C55B9-487D-45EA-A9A0-521B30FF7586}.Debug|x86.Build.0 = Debug|Any CPU
		{249C55B9-487D-45EA-A9A0-521B30FF7586}.Release|Any CPU.ActiveCfg = Release|Any CPU
		{249C55B9-487D-45EA-A9A0-521B30FF7586}.Release|Any CPU.Build.0 = Release|Any CPU
		{249C55B9-487D-45EA-A9A0-521B30FF7586}.Release|x64.ActiveCfg = Release|Any CPU
		{249C55B9-487D-45EA-A9A0-521B30FF7586}.Release|x64.Build.0 = Release|Any CPU
		{249C55B9-487D-45EA-A9A0-521B30FF7586}.Release|x86.ActiveCfg = Release|Any CPU
		{249C55B9-487D-45EA-A9A0-521B30FF7586}.Release|x86.Build.0 = Release|Any CPU
		{EDB21500-D543-4735-8DE3-23CE0D0F7B55}.Debug|Any CPU.ActiveCfg = Debug|Any CPU
		{EDB21500-D543-4735-8DE3-23CE0D0F7B55}.Debug|Any CPU.Build.0 = Debug|Any CPU
		{EDB21500-D543-4735-8DE3-23CE0D0F7B55}.Debug|x64.ActiveCfg = Debug|Any CPU
		{EDB21500-D543-4735-8DE3-23CE0D0F7B55}.Debug|x64.Build.0 = Debug|Any CPU
		{EDB21500-D543-4735-8DE3-23CE0D0F7B55}.Debug|x86.ActiveCfg = Debug|Any CPU
		{EDB21500-D543-4735-8DE3-23CE0D0F7B55}.Debug|x86.Build.0 = Debug|Any CPU
		{EDB21500-D543-4735-8DE3-23CE0D0F7B55}.Release|Any CPU.ActiveCfg = Release|Any CPU
		{EDB21500-D543-4735-8DE3-23CE0D0F7B55}.Release|Any CPU.Build.0 = Release|Any CPU
		{EDB21500-D543-4735-8DE3-23CE0D0F7B55}.Release|x64.ActiveCfg = Release|Any CPU
		{EDB21500-D543-4735-8DE3-23CE0D0F7B55}.Release|x64.Build.0 = Release|Any CPU
		{EDB21500-D543-4735-8DE3-23CE0D0F7B55}.Release|x86.ActiveCfg = Release|Any CPU
		{EDB21500-D543-4735-8DE3-23CE0D0F7B55}.Release|x86.Build.0 = Release|Any CPU
		{DACA0FDC-34AA-42E6-BEDF-C273B927D84C}.Debug|Any CPU.ActiveCfg = Debug|Any CPU
		{DACA0FDC-34AA-42E6-BEDF-C273B927D84C}.Debug|Any CPU.Build.0 = Debug|Any CPU
		{DACA0FDC-34AA-42E6-BEDF-C273B927D84C}.Debug|x64.ActiveCfg = Debug|Any CPU
		{DACA0FDC-34AA-42E6-BEDF-C273B927D84C}.Debug|x64.Build.0 = Debug|Any CPU
		{DACA0FDC-34AA-42E6-BEDF-C273B927D84C}.Debug|x86.ActiveCfg = Debug|Any CPU
		{DACA0FDC-34AA-42E6-BEDF-C273B927D84C}.Debug|x86.Build.0 = Debug|Any CPU
		{DACA0FDC-34AA-42E6-BEDF-C273B927D84C}.Release|Any CPU.ActiveCfg = Release|Any CPU
		{DACA0FDC-34AA-42E6-BEDF-C273B927D84C}.Release|Any CPU.Build.0 = Release|Any CPU
		{DACA0FDC-34AA-42E6-BEDF-C273B927D84C}.Release|x64.ActiveCfg = Release|Any CPU
		{DACA0FDC-34AA-42E6-BEDF-C273B927D84C}.Release|x64.Build.0 = Release|Any CPU
		{DACA0FDC-34AA-42E6-BEDF-C273B927D84C}.Release|x86.ActiveCfg = Release|Any CPU
		{DACA0FDC-34AA-42E6-BEDF-C273B927D84C}.Release|x86.Build.0 = Release|Any CPU
	EndGlobalSection
	GlobalSection(SolutionProperties) = preSolution
		HideSolutionNode = FALSE
	EndGlobalSection
	GlobalSection(NestedProjects) = preSolution
		{87713CD7-AD3D-458C-AC9B-2473B718D473} = {5D4A2D3A-4CBF-409B-B473-2E222218B350}
		{22B62521-93DC-4E9B-AA44-774FDD3E3413} = {5F89BBF4-DCEF-4C0B-8BAB-25CCA2560D11}
		{76888D68-5BAF-4D23-8328-A347AFA914F9} = {5D4A2D3A-4CBF-409B-B473-2E222218B350}
		{C80B5F58-CDB8-4D36-803F-235A8671BE5E} = {5F89BBF4-DCEF-4C0B-8BAB-25CCA2560D11}
		{249C55B9-487D-45EA-A9A0-521B30FF7586} = {5D4A2D3A-4CBF-409B-B473-2E222218B350}
	EndGlobalSection
	GlobalSection(ExtensibilityGlobals) = postSolution
		SolutionGuid = {A5F9C0EC-549E-4DE5-91D5-63AC95EC9A26}
	EndGlobalSection
EndGlobal
